// !$*UTF8*$!
{
	archiveVersion = 1;
	classes = {
	};
	objectVersion = 56;
	objects = {

/* Begin PBXBuildFile section */
		CA5886BF29F69A3400C6F097 /* ViewController + alertController.swift in Sources */ = {isa = PBXBuildFile; fileRef = CA5886BE29F69A3400C6F097 /* ViewController + alertController.swift */; };
		CAEE8EAB29F4723E000EF726 /* AppDelegate.swift in Sources */ = {isa = PBXBuildFile; fileRef = CAEE8EAA29F4723E000EF726 /* AppDelegate.swift */; };
		CAEE8EAD29F4723E000EF726 /* SceneDelegate.swift in Sources */ = {isa = PBXBuildFile; fileRef = CAEE8EAC29F4723E000EF726 /* SceneDelegate.swift */; };
		CAEE8EAF29F4723E000EF726 /* ViewController.swift in Sources */ = {isa = PBXBuildFile; fileRef = CAEE8EAE29F4723E000EF726 /* ViewController.swift */; };
		CAEE8EB229F4723E000EF726 /* Main.storyboard in Resources */ = {isa = PBXBuildFile; fileRef = CAEE8EB029F4723E000EF726 /* Main.storyboard */; };
		CAEE8EB529F4723E000EF726 /* WeatherInCities.xcdatamodeld in Sources */ = {isa = PBXBuildFile; fileRef = CAEE8EB329F4723E000EF726 /* WeatherInCities.xcdatamodeld */; };
		CAEE8EB729F47241000EF726 /* Assets.xcassets in Resources */ = {isa = PBXBuildFile; fileRef = CAEE8EB629F47241000EF726 /* Assets.xcassets */; };
		CAEE8EBA29F47241000EF726 /* LaunchScreen.storyboard in Resources */ = {isa = PBXBuildFile; fileRef = CAEE8EB829F47241000EF726 /* LaunchScreen.storyboard */; };
/* End PBXBuildFile section */

/* Begin PBXFileReference section */
		CA5886BE29F69A3400C6F097 /* ViewController + alertController.swift */ = {isa = PBXFileReference; lastKnownFileType = sourcecode.swift; path = "ViewController + alertController.swift"; sourceTree = "<group>"; };
		CAEE8EA729F4723E000EF726 /* WeatherInCities.app */ = {isa = PBXFileReference; explicitFileType = wrapper.application; includeInIndex = 0; path = WeatherInCities.app; sourceTree = BUILT_PRODUCTS_DIR; };
		CAEE8EAA29F4723E000EF726 /* AppDelegate.swift */ = {isa = PBXFileReference; lastKnownFileType = sourcecode.swift; path = AppDelegate.swift; sourceTree = "<group>"; };
		CAEE8EAC29F4723E000EF726 /* SceneDelegate.swift */ = {isa = PBXFileReference; lastKnownFileType = sourcecode.swift; path = SceneDelegate.swift; sourceTree = "<group>"; };
		CAEE8EAE29F4723E000EF726 /* ViewController.swift */ = {isa = PBXFileReference; lastKnownFileType = sourcecode.swift; path = ViewController.swift; sourceTree = "<group>"; };
		CAEE8EB129F4723E000EF726 /* Base */ = {isa = PBXFileReference; lastKnownFileType = file.storyboard; name = Base; path = Base.lproj/Main.storyboard; sourceTree = "<group>"; };
		CAEE8EB429F4723E000EF726 /* WeatherInCities.xcdatamodel */ = {isa = PBXFileReference; lastKnownFileType = wrapper.xcdatamodel; path = WeatherInCities.xcdatamodel; sourceTree = "<group>"; };
		CAEE8EB629F47241000EF726 /* Assets.xcassets */ = {isa = PBXFileReference; lastKnownFileType = folder.assetcatalog; path = Assets.xcassets; sourceTree = "<group>"; };
		CAEE8EB929F47241000EF726 /* Base */ = {isa = PBXFileReference; lastKnownFileType = file.storyboard; name = Base; path = Base.lproj/LaunchScreen.storyboard; sourceTree = "<group>"; };
		CAEE8EBB29F47241000EF726 /* Info.plist */ = {isa = PBXFileReference; lastKnownFileType = text.plist.xml; path = Info.plist; sourceTree = "<group>"; };
/* End PBXFileReference section */

/* Begin PBXFrameworksBuildPhase section */
		CAEE8EA429F4723E000EF726 /* Frameworks */ = {
			isa = PBXFrameworksBuildPhase;
			buildActionMask = 2147483647;
			files = (
			);
			runOnlyForDeploymentPostprocessing = 0;
		};
/* End PBXFrameworksBuildPhase section */

/* Begin PBXGroup section */
		CAEE8E9E29F4723E000EF726 = {
			isa = PBXGroup;
			children = (
				CAEE8EA929F4723E000EF726 /* WeatherInCities */,
				CAEE8EC629F47A16000EF726 /* Products */,
				CAEE8EA829F4723E000EF726 /* Products */,
			);
			sourceTree = "<group>";
		};
		CAEE8EA829F4723E000EF726 /* Products */ = {
			isa = PBXGroup;
			children = (
				CAEE8EA729F4723E000EF726 /* WeatherInCities.app */,
			);
			name = Products;
			sourceTree = "<group>";
		};
		CAEE8EA929F4723E000EF726 /* WeatherInCities */ = {
			isa = PBXGroup;
			children = (
				CAEE8EC129F47950000EF726 /* Extensions */,
				CAEE8EC329F47970000EF726 /* Models */,
				CAEE8EC229F47967000EF726 /* Views */,
				CAEE8EC429F4797E000EF726 /* View Controllers */,
				CAEE8EC529F479C1000EF726 /* Sopportiong files */,
				CAEE8EB329F4723E000EF726 /* WeatherInCities.xcdatamodeld */,
			);
			path = WeatherInCities;
			sourceTree = "<group>";
		};
		CAEE8EC129F47950000EF726 /* Extensions */ = {
			isa = PBXGroup;
			children = (
				CA5886BE29F69A3400C6F097 /* ViewController + alertController.swift */,
			);
			path = Extensions;
			sourceTree = "<group>";
		};
		CAEE8EC229F47967000EF726 /* Views */ = {
			isa = PBXGroup;
			children = (
				CAEE8EB029F4723E000EF726 /* Main.storyboard */,
			);
			path = Views;
			sourceTree = "<group>";
		};
		CAEE8EC329F47970000EF726 /* Models */ = {
			isa = PBXGroup;
			children = (
			);
			path = Models;
			sourceTree = "<group>";
		};
		CAEE8EC429F4797E000EF726 /* View Controllers */ = {
			isa = PBXGroup;
			children = (
				CAEE8EAE29F4723E000EF726 /* ViewController.swift */,
			);
			path = "View Controllers";
			sourceTree = "<group>";
		};
		CAEE8EC529F479C1000EF726 /* Sopportiong files */ = {
			isa = PBXGroup;
			children = (
				CAEE8EAA29F4723E000EF726 /* AppDelegate.swift */,
				CAEE8EAC29F4723E000EF726 /* SceneDelegate.swift */,
				CAEE8EB629F47241000EF726 /* Assets.xcassets */,
				CAEE8EB829F47241000EF726 /* LaunchScreen.storyboard */,
				CAEE8EBB29F47241000EF726 /* Info.plist */,
			);
			path = "Sopportiong files";
			sourceTree = "<group>";
		};
		CAEE8EC629F47A16000EF726 /* Products */ = {
			isa = PBXGroup;
			children = (
			);
			path = Products;
			sourceTree = "<group>";
		};
/* End PBXGroup section */

/* Begin PBXNativeTarget section */
		CAEE8EA629F4723E000EF726 /* WeatherInCities */ = {
			isa = PBXNativeTarget;
			buildConfigurationList = CAEE8EBE29F47241000EF726 /* Build configuration list for PBXNativeTarget "WeatherInCities" */;
			buildPhases = (
				CAEE8EA329F4723E000EF726 /* Sources */,
				CAEE8EA429F4723E000EF726 /* Frameworks */,
				CAEE8EA529F4723E000EF726 /* Resources */,
			);
			buildRules = (
			);
			dependencies = (
			);
			name = WeatherInCities;
			productName = WeatherInCities;
			productReference = CAEE8EA729F4723E000EF726 /* WeatherInCities.app */;
			productType = "com.apple.product-type.application";
		};
/* End PBXNativeTarget section */

/* Begin PBXProject section */
		CAEE8E9F29F4723E000EF726 /* Project object */ = {
			isa = PBXProject;
			attributes = {
				BuildIndependentTargetsInParallel = 1;
				LastSwiftUpdateCheck = 1430;
				LastUpgradeCheck = 1430;
				TargetAttributes = {
					CAEE8EA629F4723E000EF726 = {
						CreatedOnToolsVersion = 14.3;
					};
				};
			};
			buildConfigurationList = CAEE8EA229F4723E000EF726 /* Build configuration list for PBXProject "WeatherInCities" */;
			compatibilityVersion = "Xcode 14.0";
			developmentRegion = en;
			hasScannedForEncodings = 0;
			knownRegions = (
				en,
				Base,
			);
			mainGroup = CAEE8E9E29F4723E000EF726;
			productRefGroup = CAEE8EA829F4723E000EF726 /* Products */;
			projectDirPath = "";
			projectRoot = "";
			targets = (
				CAEE8EA629F4723E000EF726 /* WeatherInCities */,
			);
		};
/* End PBXProject section */

/* Begin PBXResourcesBuildPhase section */
		CAEE8EA529F4723E000EF726 /* Resources */ = {
			isa = PBXResourcesBuildPhase;
			buildActionMask = 2147483647;
			files = (
				CAEE8EBA29F47241000EF726 /* LaunchScreen.storyboard in Resources */,
				CAEE8EB729F47241000EF726 /* Assets.xcassets in Resources */,
				CAEE8EB229F4723E000EF726 /* Main.storyboard in Resources */,
			);
			runOnlyForDeploymentPostprocessing = 0;
		};
/* End PBXResourcesBuildPhase section */

/* Begin PBXSourcesBuildPhase section */
		CAEE8EA329F4723E000EF726 /* Sources */ = {
			isa = PBXSourcesBuildPhase;
			buildActionMask = 2147483647;
			files = (
				CAEE8EB529F4723E000EF726 /* WeatherInCities.xcdatamodeld in Sources */,
				CAEE8EAF29F4723E000EF726 /* ViewController.swift in Sources */,
				CAEE8EAB29F4723E000EF726 /* AppDelegate.swift in Sources */,
				CAEE8EAD29F4723E000EF726 /* SceneDelegate.swift in Sources */,
				CA5886BF29F69A3400C6F097 /* ViewController + alertController.swift in Sources */,
			);
			runOnlyForDeploymentPostprocessing = 0;
		};
/* End PBXSourcesBuildPhase section */

/* Begin PBXVariantGroup section */
		CAEE8EB029F4723E000EF726 /* Main.storyboard */ = {
			isa = PBXVariantGroup;
			children = (
				CAEE8EB129F4723E000EF726 /* Base */,
			);
			name = Main.storyboard;
			sourceTree = "<group>";
		};
		CAEE8EB829F47241000EF726 /* LaunchScreen.storyboard */ = {
			isa = PBXVariantGroup;
			children = (
				CAEE8EB929F47241000EF726 /* Base */,
			);
			name = LaunchScreen.storyboard;
			sourceTree = "<group>";
		};
/* End PBXVariantGroup section */

/* Begin XCBuildConfiguration section */
		CAEE8EBC29F47241000EF726 /* Debug */ = {
			isa = XCBuildConfiguration;
			buildSettings = {
				ALWAYS_SEARCH_USER_PATHS = NO;
				CLANG_ANALYZER_NONNULL = YES;
				CLANG_ANALYZER_NUMBER_OBJECT_CONVERSION = YES_AGGRESSIVE;
				CLANG_CXX_LANGUAGE_STANDARD = "gnu++20";
				CLANG_ENABLE_MODULES = YES;
				CLANG_ENABLE_OBJC_ARC = YES;
				CLANG_ENABLE_OBJC_WEAK = YES;
				CLANG_WARN_BLOCK_CAPTURE_AUTORELEASING = YES;
				CLANG_WARN_BOOL_CONVERSION = YES;
				CLANG_WARN_COMMA = YES;
				CLANG_WARN_CONSTANT_CONVERSION = YES;
				CLANG_WARN_DEPRECATED_OBJC_IMPLEMENTATIONS = YES;
				CLANG_WARN_DIRECT_OBJC_ISA_USAGE = YES_ERROR;
				CLANG_WARN_DOCUMENTATION_COMMENTS = YES;
				CLANG_WARN_EMPTY_BODY = YES;
				CLANG_WARN_ENUM_CONVERSION = YES;
				CLANG_WARN_INFINITE_RECURSION = YES;
				CLANG_WARN_INT_CONVERSION = YES;
				CLANG_WARN_NON_LITERAL_NULL_CONVERSION = YES;
				CLANG_WARN_OBJC_IMPLICIT_RETAIN_SELF = YES;
				CLANG_WARN_OBJC_LITERAL_CONVERSION = YES;
				CLANG_WARN_OBJC_ROOT_CLASS = YES_ERROR;
				CLANG_WARN_QUOTED_INCLUDE_IN_FRAMEWORK_HEADER = YES;
				CLANG_WARN_RANGE_LOOP_ANALYSIS = YES;
				CLANG_WARN_STRICT_PROTOTYPES = YES;
				CLANG_WARN_SUSPICIOUS_MOVE = YES;
				CLANG_WARN_UNGUARDED_AVAILABILITY = YES_AGGRESSIVE;
				CLANG_WARN_UNREACHABLE_CODE = YES;
				CLANG_WARN__DUPLICATE_METHOD_MATCH = YES;
				COPY_PHASE_STRIP = NO;
				DEBUG_INFORMATION_FORMAT = dwarf;
				ENABLE_STRICT_OBJC_MSGSEND = YES;
				ENABLE_TESTABILITY = YES;
				GCC_C_LANGUAGE_STANDARD = gnu11;
				GCC_DYNAMIC_NO_PIC = NO;
				GCC_NO_COMMON_BLOCKS = YES;
				GCC_OPTIMIZATION_LEVEL = 0;
				GCC_PREPROCESSOR_DEFINITIONS = (
					"DEBUG=1",
					"$(inherited)",
				);
				GCC_WARN_64_TO_32_BIT_CONVERSION = YES;
				GCC_WARN_ABOUT_RETURN_TYPE = YES_ERROR;
				GCC_WARN_UNDECLARED_SELECTOR = YES;
				GCC_WARN_UNINITIALIZED_AUTOS = YES_AGGRESSIVE;
				GCC_WARN_UNUSED_FUNCTION = YES;
				GCC_WARN_UNUSED_VARIABLE = YES;
				IPHONEOS_DEPLOYMENT_TARGET = 16.4;
				MTL_ENABLE_DEBUG_INFO = INCLUDE_SOURCE;
				MTL_FAST_MATH = YES;
				ONLY_ACTIVE_ARCH = YES;
				SDKROOT = iphoneos;
				SWIFT_ACTIVE_COMPILATION_CONDITIONS = DEBUG;
				SWIFT_OPTIMIZATION_LEVEL = "-Onone";
			};
			name = Debug;
		};
		CAEE8EBD29F47241000EF726 /* Release */ = {
			isa = XCBuildConfiguration;
			buildSettings = {
				ALWAYS_SEARCH_USER_PATHS = NO;
				CLANG_ANALYZER_NONNULL = YES;
				CLANG_ANALYZER_NUMBER_OBJECT_CONVERSION = YES_AGGRESSIVE;
				CLANG_CXX_LANGUAGE_STANDARD = "gnu++20";
				CLANG_ENABLE_MODULES = YES;
				CLANG_ENABLE_OBJC_ARC = YES;
				CLANG_ENABLE_OBJC_WEAK = YES;
				CLANG_WARN_BLOCK_CAPTURE_AUTORELEASING = YES;
				CLANG_WARN_BOOL_CONVERSION = YES;
				CLANG_WARN_COMMA = YES;
				CLANG_WARN_CONSTANT_CONVERSION = YES;
				CLANG_WARN_DEPRECATED_OBJC_IMPLEMENTATIONS = YES;
				CLANG_WARN_DIRECT_OBJC_ISA_USAGE = YES_ERROR;
				CLANG_WARN_DOCUMENTATION_COMMENTS = YES;
				CLANG_WARN_EMPTY_BODY = YES;
				CLANG_WARN_ENUM_CONVERSION = YES;
				CLANG_WARN_INFINITE_RECURSION = YES;
				CLANG_WARN_INT_CONVERSION = YES;
				CLANG_WARN_NON_LITERAL_NULL_CONVERSION = YES;
				CLANG_WARN_OBJC_IMPLICIT_RETAIN_SELF = YES;
				CLANG_WARN_OBJC_LITERAL_CONVERSION = YES;
				CLANG_WARN_OBJC_ROOT_CLASS = YES_ERROR;
				CLANG_WARN_QUOTED_INCLUDE_IN_FRAMEWORK_HEADER = YES;
				CLANG_WARN_RANGE_LOOP_ANALYSIS = YES;
				CLANG_WARN_STRICT_PROTOTYPES = YES;
				CLANG_WARN_SUSPICIOUS_MOVE = YES;
				CLANG_WARN_UNGUARDED_AVAILABILITY = YES_AGGRESSIVE;
				CLANG_WARN_UNREACHABLE_CODE = YES;
				CLANG_WARN__DUPLICATE_METHOD_MATCH = YES;
				COPY_PHASE_STRIP = NO;
				DEBUG_INFORMATION_FORMAT = "dwarf-with-dsym";
				ENABLE_NS_ASSERTIONS = NO;
				ENABLE_STRICT_OBJC_MSGSEND = YES;
				GCC_C_LANGUAGE_STANDARD = gnu11;
				GCC_NO_COMMON_BLOCKS = YES;
				GCC_WARN_64_TO_32_BIT_CONVERSION = YES;
				GCC_WARN_ABOUT_RETURN_TYPE = YES_ERROR;
				GCC_WARN_UNDECLARED_SELECTOR = YES;
				GCC_WARN_UNINITIALIZED_AUTOS = YES_AGGRESSIVE;
				GCC_WARN_UNUSED_FUNCTION = YES;
				GCC_WARN_UNUSED_VARIABLE = YES;
				IPHONEOS_DEPLOYMENT_TARGET = 16.4;
				MTL_ENABLE_DEBUG_INFO = NO;
				MTL_FAST_MATH = YES;
				SDKROOT = iphoneos;
				SWIFT_COMPILATION_MODE = wholemodule;
				SWIFT_OPTIMIZATION_LEVEL = "-O";
				VALIDATE_PRODUCT = YES;
			};
			name = Release;
		};
		CAEE8EBF29F47241000EF726 /* Debug */ = {
			isa = XCBuildConfiguration;
			buildSettings = {
				ASSETCATALOG_COMPILER_APPICON_NAME = AppIcon;
				ASSETCATALOG_COMPILER_GLOBAL_ACCENT_COLOR_NAME = AccentColor;
				CODE_SIGN_STYLE = Automatic;
				CURRENT_PROJECT_VERSION = 1;
				DEVELOPMENT_TEAM = VY6BU9F56X;
				GENERATE_INFOPLIST_FILE = YES;
				INFOPLIST_FILE = WeatherInCities/Info.plist;
				INFOPLIST_KEY_LSApplicationCategoryType = "";
				INFOPLIST_KEY_UIApplicationSupportsIndirectInputEvents = YES;
				INFOPLIST_KEY_UILaunchStoryboardName = LaunchScreen;
				INFOPLIST_KEY_UIMainStoryboardFile = Main;
				INFOPLIST_KEY_UISupportedInterfaceOrientations_iPad = "UIInterfaceOrientationPortrait UIInterfaceOrientationPortraitUpsideDown UIInterfaceOrientationLandscapeLeft UIInterfaceOrientationLandscapeRight";
				INFOPLIST_KEY_UISupportedInterfaceOrientations_iPhone = "UIInterfaceOrientationPortrait UIInterfaceOrientationLandscapeLeft UIInterfaceOrientationLandscapeRight";
				LD_RUNPATH_SEARCH_PATHS = (
					"$(inherited)",
					"@executable_path/Frameworks",
				);
				MARKETING_VERSION = 1.0;
				PRODUCT_BUNDLE_IDENTIFIER = "white-wolf.WeatherInCities";
				PRODUCT_NAME = "$(TARGET_NAME)";
				SWIFT_EMIT_LOC_STRINGS = YES;
				SWIFT_VERSION = 5.0;
				TARGETED_DEVICE_FAMILY = "1,2";
			};
			name = Debug;
		};
		CAEE8EC029F47241000EF726 /* Release */ = {
			isa = XCBuildConfiguration;
			buildSettings = {
				ASSETCATALOG_COMPILER_APPICON_NAME = AppIcon;
				ASSETCATALOG_COMPILER_GLOBAL_ACCENT_COLOR_NAME = AccentColor;
				CODE_SIGN_STYLE = Automatic;
				CURRENT_PROJECT_VERSION = 1;
				DEVELOPMENT_TEAM = VY6BU9F56X;
				GENERATE_INFOPLIST_FILE = YES;
				INFOPLIST_FILE = WeatherInCities/Info.plist;
				INFOPLIST_KEY_LSApplicationCategoryType = "";
				INFOPLIST_KEY_UIApplicationSupportsIndirectInputEvents = YES;
				INFOPLIST_KEY_UILaunchStoryboardName = LaunchScreen;
				INFOPLIST_KEY_UIMainStoryboardFile = Main;
				INFOPLIST_KEY_UISupportedInterfaceOrientations_iPad = "UIInterfaceOrientationPortrait UIInterfaceOrientationPortraitUpsideDown UIInterfaceOrientationLandscapeLeft UIInterfaceOrientationLandscapeRight";
				INFOPLIST_KEY_UISupportedInterfaceOrientations_iPhone = "UIInterfaceOrientationPortrait UIInterfaceOrientationLandscapeLeft UIInterfaceOrientationLandscapeRight";
				LD_RUNPATH_SEARCH_PATHS = (
					"$(inherited)",
					"@executable_path/Frameworks",
				);
				MARKETING_VERSION = 1.0;
				PRODUCT_BUNDLE_IDENTIFIER = "white-wolf.WeatherInCities";
				PRODUCT_NAME = "$(TARGET_NAME)";
				SWIFT_EMIT_LOC_STRINGS = YES;
				SWIFT_VERSION = 5.0;
				TARGETED_DEVICE_FAMILY = "1,2";
			};
			name = Release;
		};
/* End XCBuildConfiguration section */

/* Begin XCConfigurationList section */
		CAEE8EA229F4723E000EF726 /* Build configuration list for PBXProject "WeatherInCities" */ = {
			isa = XCConfigurationList;
			buildConfigurations = (
				CAEE8EBC29F47241000EF726 /* Debug */,
				CAEE8EBD29F47241000EF726 /* Release */,
			);
			defaultConfigurationIsVisible = 0;
			defaultConfigurationName = Release;
		};
		CAEE8EBE29F47241000EF726 /* Build configuration list for PBXNativeTarget "WeatherInCities" */ = {
			isa = XCConfigurationList;
			buildConfigurations = (
				CAEE8EBF29F47241000EF726 /* Debug */,
				CAEE8EC029F47241000EF726 /* Release */,
			);
			defaultConfigurationIsVisible = 0;
			defaultConfigurationName = Release;
		};
/* End XCConfigurationList section */

/* Begin XCVersionGroup section */
		CAEE8EB329F4723E000EF726 /* WeatherInCities.xcdatamodeld */ = {
			isa = XCVersionGroup;
			children = (
				CAEE8EB429F4723E000EF726 /* WeatherInCities.xcdatamodel */,
			);
			currentVersion = CAEE8EB429F4723E000EF726 /* WeatherInCities.xcdatamodel */;
			path = WeatherInCities.xcdatamodeld;
			sourceTree = "<group>";
			versionGroupType = wrapper.xcdatamodel;
		};
/* End XCVersionGroup section */
	};
	rootObject = CAEE8E9F29F4723E000EF726 /* Project object */;
}
